
Microsoft Visual Studio Solution File, Format Version 12.00
# Visual Studio 15
VisualStudioVersion = 15.0.28307.572
MinimumVisualStudioVersion = 10.0.40219.1
Project("{FAE04EC0-301F-11D3-BF4B-00C04F79EFBC}") = "testnorthwind", "testnorthwind\testnorthwind.csproj", "{6BA0D813-A948-4FA3-8DC1-EAD81CB74586}"
EndProject
Global
	GlobalSection(SolutionConfigurationPlatforms) = preSolution
		Debug|Any CPU = Debug|Any CPU
		Release|Any CPU = Release|Any CPU
	EndGlobalSection
	GlobalSection(ProjectConfigurationPlatforms) = postSolution
		{6BA0D813-A948-4FA3-8DC1-EAD81CB74586}.Debug|Any CPU.ActiveCfg = Debug|Any CPU
		{6BA0D813-A948-4FA3-8DC1-EAD81CB74586}.Debug|Any CPU.Build.0 = Debug|Any CPU
		{6BA0D813-A948-4FA3-8DC1-EAD81CB74586}.Release|Any CPU.ActiveCfg = Release|Any CPU
		{6BA0D813-A948-4FA3-8DC1-EAD81CB74586}.Release|Any CPU.Build.0 = Release|Any CPU
	EndGlobalSection
	GlobalSection(SolutionProperties) = preSolution
		HideSolutionNode = FALSE
	EndGlobalSection
	GlobalSection(ExtensibilityGlobals) = postSolution
		SolutionGuid = {44F70855-AF2E-40E2-B62C-99F86B1132C1}
	EndGlobalSection
EndGlobal
